
Microsoft Visual Studio Solution File, Format Version 12.00
# Visual Studio 15
VisualStudioVersion = 15.0.28307.705
MinimumVisualStudioVersion = 10.0.40219.1
Project("{8BC9CEB8-8B4A-11D0-8D11-00A0C91BC942}") = "lvpBase", "lvpBase\lvpBase.vcxproj", "{DCA5F30D-F689-4841-9831-46B3971FAB81}"
	ProjectSection(ProjectDependencies) = postProject
		{6C3BE841-382B-41C3-A691-DE14D5AC28AF} = {6C3BE841-382B-41C3-A691-DE14D5AC28AF}
	EndProjectSection
EndProject
Project("{8BC9CEB8-8B4A-11D0-8D11-00A0C91BC942}") = "lvpBaseType", "lvpBaseType\lvpBaseType.vcxproj", "{6C3BE841-382B-41C3-A691-DE14D5AC28AF}"
EndProject
Global
	GlobalSection(SolutionConfigurationPlatforms) = preSolution
		Debug|x64 = Debug|x64
		Debug|x86 = Debug|x86
		Release|x64 = Release|x64
		Release|x86 = Release|x86
	EndGlobalSection
	GlobalSection(ProjectConfigurationPlatforms) = postSolution
		{DCA5F30D-F689-4841-9831-46B3971FAB81}.Debug|x64.ActiveCfg = Debug|x64
		{DCA5F30D-F689-4841-9831-46B3971FAB81}.Debug|x64.Build.0 = Debug|x64
		{DCA5F30D-F689-4841-9831-46B3971FAB81}.Debug|x86.ActiveCfg = Debug|Win32
		{DCA5F30D-F689-4841-9831-46B3971FAB81}.Debug|x86.Build.0 = Debug|Win32
		{DCA5F30D-F689-4841-9831-46B3971FAB81}.Release|x64.ActiveCfg = Release|x64
		{DCA5F30D-F689-4841-9831-46B3971FAB81}.Release|x64.Build.0 = Release|x64
		{DCA5F30D-F689-4841-9831-46B3971FAB81}.Release|x86.ActiveCfg = Release|Win32
		{DCA5F30D-F689-4841-9831-46B3971FAB81}.Release|x86.Build.0 = Release|Win32
		{6C3BE841-382B-41C3-A691-DE14D5AC28AF}.Debug|x64.ActiveCfg = Debug|x64
		{6C3BE841-382B-41C3-A691-DE14D5AC28AF}.Debug|x64.Build.0 = Debug|x64
		{6C3BE841-382B-41C3-A691-DE14D5AC28AF}.Debug|x86.ActiveCfg = Debug|Win32
		{6C3BE841-382B-41C3-A691-DE14D5AC28AF}.Debug|x86.Build.0 = Debug|Win32
		{6C3BE841-382B-41C3-A691-DE14D5AC28AF}.Release|x64.ActiveCfg = Release|x64
		{6C3BE841-382B-41C3-A691-DE14D5AC28AF}.Release|x64.Build.0 = Release|x64
		{6C3BE841-382B-41C3-A691-DE14D5AC28AF}.Release|x86.ActiveCfg = Release|Win32
		{6C3BE841-382B-41C3-A691-DE14D5AC28AF}.Release|x86.Build.0 = Release|Win32
	EndGlobalSection
	GlobalSection(SolutionProperties) = preSolution
		HideSolutionNode = FALSE
	EndGlobalSection
	GlobalSection(ExtensibilityGlobals) = postSolution
		SolutionGuid = {825533EB-23D9-45F5-B243-86A8CA1053BA}
	EndGlobalSection
EndGlobal
